
Microsoft Visual Studio Solution File, Format Version 12.00
# Visual Studio 15
VisualStudioVersion = 15.0.28307.852
MinimumVisualStudioVersion = 10.0.40219.1
Project("{FAE04EC0-301F-11D3-BF4B-00C04F79EFBC}") = "VideoRenamerTool", "VideoRenamerTool\VideoRenamerTool.csproj", "{42A2A2F2-FDC4-4E69-A058-2510509AF389}"
EndProject
Global
	GlobalSection(SolutionConfigurationPlatforms) = preSolution
		Debug|Any CPU = Debug|Any CPU
		Release|Any CPU = Release|Any CPU
	EndGlobalSection
	GlobalSection(ProjectConfigurationPlatforms) = postSolution
		{42A2A2F2-FDC4-4E69-A058-2510509AF389}.Debug|Any CPU.ActiveCfg = Debug|Any CPU
		{42A2A2F2-FDC4-4E69-A058-2510509AF389}.Debug|Any CPU.Build.0 = Debug|Any CPU
		{42A2A2F2-FDC4-4E69-A058-2510509AF389}.Release|Any CPU.ActiveCfg = Release|Any CPU
		{42A2A2F2-FDC4-4E69-A058-2510509AF389}.Release|Any CPU.Build.0 = Release|Any CPU
	EndGlobalSection
	GlobalSection(SolutionProperties) = preSolution
		HideSolutionNode = FALSE
	EndGlobalSection
	GlobalSection(ExtensibilityGlobals) = postSolution
		SolutionGuid = {7F1CD6B1-46B9-4197-B42A-E9DD19D05476}
	EndGlobalSection
EndGlobal
